
Microsoft Visual Studio Solution File, Format Version 12.00
# Visual Studio Version 17
VisualStudioVersion = 17.0.31919.166
MinimumVisualStudioVersion = 10.0.40219.1
Project("{2150E333-8FDC-42A3-9474-1A3956D46DE8}") = "src", "src", "{B7CE0FA3-CFC5-44FD-B542-912DA994495F}"
EndProject
Project("{2150E333-8FDC-42A3-9474-1A3956D46DE8}") = "clients", "clients", "{5FC8D4AB-0C8D-4264-B7C2-C2B67867E33F}"
EndProject
Project("{2150E333-8FDC-42A3-9474-1A3956D46DE8}") = "services", "services", "{2E3741BB-B20B-4746-9F63-41B0FEFF5941}"
EndProject
Project("{2150E333-8FDC-42A3-9474-1A3956D46DE8}") = "Catalog", "Catalog", "{C2E42939-FFF7-44E5-901B-A2F705EB0C0D}"
EndProject
Project("{FAE04EC0-301F-11D3-BF4B-00C04F79EFBC}") = "Catalog.API", "src\services\Catalog\Catalog.API\Catalog.API.csproj", "{90141F4B-6279-4927-B302-4718FFA91C32}"
EndProject
Project("{2150E333-8FDC-42A3-9474-1A3956D46DE8}") = "API", "API", "{F4DF8714-78D9-4A41-94B8-9D738BBB2358}"
EndProject
Project("{2150E333-8FDC-42A3-9474-1A3956D46DE8}") = "Core", "Core", "{391A93F9-1B73-40F2-94CC-861B6A93DCE0}"
EndProject
Project("{2150E333-8FDC-42A3-9474-1A3956D46DE8}") = "Infra", "Infra", "{4F0D1653-71DC-4E65-A0ED-F3DBB898C728}"
EndProject
Project("{FAE04EC0-301F-11D3-BF4B-00C04F79EFBC}") = "Catalog.Domain", "src\services\Catalog\Catalog.Domain\Catalog.Domain.csproj", "{ACE24677-EE77-4CDA-A700-C801FDFE8B03}"
EndProject
Project("{FAE04EC0-301F-11D3-BF4B-00C04F79EFBC}") = "Catalog.Application", "src\services\Catalog\Catalog.Application\Catalog.Application.csproj", "{1CB8AFC8-450F-459D-960D-BF80E5E83B53}"
EndProject
Project("{FAE04EC0-301F-11D3-BF4B-00C04F79EFBC}") = "Catalog.Persistence", "src\services\Catalog\Catalog.Persistence\Catalog.Persistence.csproj", "{D047056A-A777-44D9-960E-2D10BF0E9E5A}"
EndProject
Global
	GlobalSection(SolutionConfigurationPlatforms) = preSolution
		Debug|Any CPU = Debug|Any CPU
		Release|Any CPU = Release|Any CPU
	EndGlobalSection
	GlobalSection(ProjectConfigurationPlatforms) = postSolution
		{90141F4B-6279-4927-B302-4718FFA91C32}.Debug|Any CPU.ActiveCfg = Debug|Any CPU
		{90141F4B-6279-4927-B302-4718FFA91C32}.Debug|Any CPU.Build.0 = Debug|Any CPU
		{90141F4B-6279-4927-B302-4718FFA91C32}.Release|Any CPU.ActiveCfg = Release|Any CPU
		{90141F4B-6279-4927-B302-4718FFA91C32}.Release|Any CPU.Build.0 = Release|Any CPU
		{ACE24677-EE77-4CDA-A700-C801FDFE8B03}.Debug|Any CPU.ActiveCfg = Debug|Any CPU
		{ACE24677-EE77-4CDA-A700-C801FDFE8B03}.Debug|Any CPU.Build.0 = Debug|Any CPU
		{ACE24677-EE77-4CDA-A700-C801FDFE8B03}.Release|Any CPU.ActiveCfg = Release|Any CPU
		{ACE24677-EE77-4CDA-A700-C801FDFE8B03}.Release|Any CPU.Build.0 = Release|Any CPU
		{1CB8AFC8-450F-459D-960D-BF80E5E83B53}.Debug|Any CPU.ActiveCfg = Debug|Any CPU
		{1CB8AFC8-450F-459D-960D-BF80E5E83B53}.Debug|Any CPU.Build.0 = Debug|Any CPU
		{1CB8AFC8-450F-459D-960D-BF80E5E83B53}.Release|Any CPU.ActiveCfg = Release|Any CPU
		{1CB8AFC8-450F-459D-960D-BF80E5E83B53}.Release|Any CPU.Build.0 = Release|Any CPU
		{D047056A-A777-44D9-960E-2D10BF0E9E5A}.Debug|Any CPU.ActiveCfg = Debug|Any CPU
		{D047056A-A777-44D9-960E-2D10BF0E9E5A}.Debug|Any CPU.Build.0 = Debug|Any CPU
		{D047056A-A777-44D9-960E-2D10BF0E9E5A}.Release|Any CPU.ActiveCfg = Release|Any CPU
		{D047056A-A777-44D9-960E-2D10BF0E9E5A}.Release|Any CPU.Build.0 = Release|Any CPU
	EndGlobalSection
	GlobalSection(SolutionProperties) = preSolution
		HideSolutionNode = FALSE
	EndGlobalSection
	GlobalSection(NestedProjects) = preSolution
		{5FC8D4AB-0C8D-4264-B7C2-C2B67867E33F} = {B7CE0FA3-CFC5-44FD-B542-912DA994495F}
		{2E3741BB-B20B-4746-9F63-41B0FEFF5941} = {B7CE0FA3-CFC5-44FD-B542-912DA994495F}
		{C2E42939-FFF7-44E5-901B-A2F705EB0C0D} = {2E3741BB-B20B-4746-9F63-41B0FEFF5941}
		{90141F4B-6279-4927-B302-4718FFA91C32} = {F4DF8714-78D9-4A41-94B8-9D738BBB2358}
		{F4DF8714-78D9-4A41-94B8-9D738BBB2358} = {C2E42939-FFF7-44E5-901B-A2F705EB0C0D}
		{391A93F9-1B73-40F2-94CC-861B6A93DCE0} = {C2E42939-FFF7-44E5-901B-A2F705EB0C0D}
		{4F0D1653-71DC-4E65-A0ED-F3DBB898C728} = {C2E42939-FFF7-44E5-901B-A2F705EB0C0D}
		{ACE24677-EE77-4CDA-A700-C801FDFE8B03} = {391A93F9-1B73-40F2-94CC-861B6A93DCE0}
		{1CB8AFC8-450F-459D-960D-BF80E5E83B53} = {391A93F9-1B73-40F2-94CC-861B6A93DCE0}
		{D047056A-A777-44D9-960E-2D10BF0E9E5A} = {4F0D1653-71DC-4E65-A0ED-F3DBB898C728}
	EndGlobalSection
	GlobalSection(ExtensibilityGlobals) = postSolution
		SolutionGuid = {5C2110FE-31AD-4B9C-AC2C-7CF940588756}
	EndGlobalSection
EndGlobal
